
Microsoft Visual Studio Solution File, Format Version 12.00
# Visual Studio Version 17
VisualStudioVersion = 17.4.33205.214
MinimumVisualStudioVersion = 10.0.40219.1
Project("{FAE04EC0-301F-11D3-BF4B-00C04F79EFBC}") = "AssignmentNo1", "AssignmentNo1.csproj", "{67434A63-F854-413A-98D7-682E9AA34D4D}"
EndProject
Global
	GlobalSection(SolutionConfigurationPlatforms) = preSolution
		Debug|Any CPU = Debug|Any CPU
		Release|Any CPU = Release|Any CPU
	EndGlobalSection
	GlobalSection(ProjectConfigurationPlatforms) = postSolution
		{67434A63-F854-413A-98D7-682E9AA34D4D}.Debug|Any CPU.ActiveCfg = Debug|Any CPU
		{67434A63-F854-413A-98D7-682E9AA34D4D}.Debug|Any CPU.Build.0 = Debug|Any CPU
		{67434A63-F854-413A-98D7-682E9AA34D4D}.Release|Any CPU.ActiveCfg = Release|Any CPU
		{67434A63-F854-413A-98D7-682E9AA34D4D}.Release|Any CPU.Build.0 = Release|Any CPU
	EndGlobalSection
	GlobalSection(SolutionProperties) = preSolution
		HideSolutionNode = FALSE
	EndGlobalSection
	GlobalSection(ExtensibilityGlobals) = postSolution
		SolutionGuid = {4468FA9C-2499-4301-932E-20A46143A5D3}
	EndGlobalSection
EndGlobal
